
Microsoft Visual Studio Solution File, Format Version 12.00
# Visual Studio Version 16
VisualStudioVersion = 16.0.36602.28
MinimumVisualStudioVersion = 10.0.40219.1
Project("{FAE04EC0-301F-11D3-BF4B-00C04F79EFBC}") = "mvc-estacionamento", "mvc-estacionamento.csproj", "{D55E1B73-D12D-4F69-A2DF-2650A6856912}"
EndProject
Global
	GlobalSection(SolutionConfigurationPlatforms) = preSolution
		Debug|Any CPU = Debug|Any CPU
		Release|Any CPU = Release|Any CPU
	EndGlobalSection
	GlobalSection(ProjectConfigurationPlatforms) = postSolution
		{D55E1B73-D12D-4F69-A2DF-2650A6856912}.Debug|Any CPU.ActiveCfg = Debug|Any CPU
		{D55E1B73-D12D-4F69-A2DF-2650A6856912}.Debug|Any CPU.Build.0 = Debug|Any CPU
		{D55E1B73-D12D-4F69-A2DF-2650A6856912}.Release|Any CPU.ActiveCfg = Release|Any CPU
		{D55E1B73-D12D-4F69-A2DF-2650A6856912}.Release|Any CPU.Build.0 = Release|Any CPU
	EndGlobalSection
	GlobalSection(SolutionProperties) = preSolution
		HideSolutionNode = FALSE
	EndGlobalSection
	GlobalSection(ExtensibilityGlobals) = postSolution
		SolutionGuid = {9ECA4F7C-019D-4FF3-A9BD-39BBB5B9BFEC}
	EndGlobalSection
EndGlobal
