
Microsoft Visual Studio Solution File, Format Version 12.00
# Visual Studio Version 17
VisualStudioVersion = 17.10.35013.160
MinimumVisualStudioVersion = 10.0.40219.1
Project("{9A19103F-16F7-4668-BE54-9A1E7A4F7556}") = "afsistemas-conexao", "..\afsistemas-conexao-master\afsistemas-conexao.csproj", "{9FE5CD02-B8A2-4053-B516-8BBFA1979016}"
EndProject
Project("{FAE04EC0-301F-11D3-BF4B-00C04F79EFBC}") = "agendamento.lib", "agendamento.lib\agendamento.lib.csproj", "{323AB647-40A4-45ED-9D78-EDCDB59981D1}"
EndProject
Project("{FAE04EC0-301F-11D3-BF4B-00C04F79EFBC}") = "agendamento.api", "agendamento.api\agendamento.api.csproj", "{58FEB382-8775-4C87-87D6-4FAF01931F3F}"
EndProject
Global
	GlobalSection(SolutionConfigurationPlatforms) = preSolution
		Debug|Any CPU = Debug|Any CPU
		Release|Any CPU = Release|Any CPU
	EndGlobalSection
	GlobalSection(ProjectConfigurationPlatforms) = postSolution
		{9FE5CD02-B8A2-4053-B516-8BBFA1979016}.Debug|Any CPU.ActiveCfg = Debug|Any CPU
		{9FE5CD02-B8A2-4053-B516-8BBFA1979016}.Debug|Any CPU.Build.0 = Debug|Any CPU
		{9FE5CD02-B8A2-4053-B516-8BBFA1979016}.Release|Any CPU.ActiveCfg = Release|Any CPU
		{9FE5CD02-B8A2-4053-B516-8BBFA1979016}.Release|Any CPU.Build.0 = Release|Any CPU
		{323AB647-40A4-45ED-9D78-EDCDB59981D1}.Debug|Any CPU.ActiveCfg = Debug|Any CPU
		{323AB647-40A4-45ED-9D78-EDCDB59981D1}.Debug|Any CPU.Build.0 = Debug|Any CPU
		{323AB647-40A4-45ED-9D78-EDCDB59981D1}.Release|Any CPU.ActiveCfg = Release|Any CPU
		{323AB647-40A4-45ED-9D78-EDCDB59981D1}.Release|Any CPU.Build.0 = Release|Any CPU
		{58FEB382-8775-4C87-87D6-4FAF01931F3F}.Debug|Any CPU.ActiveCfg = Debug|Any CPU
		{58FEB382-8775-4C87-87D6-4FAF01931F3F}.Debug|Any CPU.Build.0 = Debug|Any CPU
		{58FEB382-8775-4C87-87D6-4FAF01931F3F}.Release|Any CPU.ActiveCfg = Release|Any CPU
		{58FEB382-8775-4C87-87D6-4FAF01931F3F}.Release|Any CPU.Build.0 = Release|Any CPU
	EndGlobalSection
	GlobalSection(SolutionProperties) = preSolution
		HideSolutionNode = FALSE
	EndGlobalSection
	GlobalSection(ExtensibilityGlobals) = postSolution
		SolutionGuid = {49BB5093-2276-4AD9-BFD5-E1D5095C9DD8}
	EndGlobalSection
EndGlobal
